
Microsoft Visual Studio Solution File, Format Version 12.00
# Visual Studio Version 17
VisualStudioVersion = 17.9.34902.65
MinimumVisualStudioVersion = 10.0.40219.1
Project("{FAE04EC0-301F-11D3-BF4B-00C04F79EFBC}") = "Bluehill.Imports", "Bluehill.Imports\Bluehill.Imports.csproj", "{36E0575F-3281-4856-9A51-4C97ADCF8203}"
EndProject
Global
	GlobalSection(SolutionConfigurationPlatforms) = preSolution
		Debug|Any CPU = Debug|Any CPU
		Release|Any CPU = Release|Any CPU
	EndGlobalSection
	GlobalSection(ProjectConfigurationPlatforms) = postSolution
		{36E0575F-3281-4856-9A51-4C97ADCF8203}.Debug|Any CPU.ActiveCfg = Debug|Any CPU
		{36E0575F-3281-4856-9A51-4C97ADCF8203}.Debug|Any CPU.Build.0 = Debug|Any CPU
		{36E0575F-3281-4856-9A51-4C97ADCF8203}.Release|Any CPU.ActiveCfg = Release|Any CPU
		{36E0575F-3281-4856-9A51-4C97ADCF8203}.Release|Any CPU.Build.0 = Release|Any CPU
	EndGlobalSection
	GlobalSection(SolutionProperties) = preSolution
		HideSolutionNode = FALSE
	EndGlobalSection
	GlobalSection(ExtensibilityGlobals) = postSolution
		SolutionGuid = {B6C898F6-8239-4E28-A908-B994E075B6D5}
	EndGlobalSection
EndGlobal
